
Microsoft Visual Studio Solution File, Format Version 12.00
# Visual Studio 2013
VisualStudioVersion = 12.0.21005.1
MinimumVisualStudioVersion = 10.0.40219.1
Project("{8BC9CEB8-8B4A-11D0-8D11-00A0C91BC942}") = "Bai - 28 Diem", "Bai - 28 Diem\Bai - 28 Diem.vcxproj", "{D7F62D56-1111-4637-8AE6-E584BCB84511}"
EndProject
Global
	GlobalSection(SolutionConfigurationPlatforms) = preSolution
		Debug|Win32 = Debug|Win32
		Release|Win32 = Release|Win32
	EndGlobalSection
	GlobalSection(ProjectConfigurationPlatforms) = postSolution
		{D7F62D56-1111-4637-8AE6-E584BCB84511}.Debug|Win32.ActiveCfg = Debug|Win32
		{D7F62D56-1111-4637-8AE6-E584BCB84511}.Debug|Win32.Build.0 = Debug|Win32
		{D7F62D56-1111-4637-8AE6-E584BCB84511}.Release|Win32.ActiveCfg = Release|Win32
		{D7F62D56-1111-4637-8AE6-E584BCB84511}.Release|Win32.Build.0 = Release|Win32
	EndGlobalSection
	GlobalSection(SolutionProperties) = preSolution
		HideSolutionNode = FALSE
	EndGlobalSection
EndGlobal
